
Microsoft Visual Studio Solution File, Format Version 11.00
# Visual Studio 2010
Project("{FAE04EC0-301F-11D3-BF4B-00C04F79EFBC}") = "Shine2Lean", "Shine2Lean\Shine2Lean.csproj", "{A6F2C1A8-95D5-4EC9-BAEA-0DA547981BDF}"
EndProject
Global
	GlobalSection(SolutionConfigurationPlatforms) = preSolution
		Debug|Any CPU = Debug|Any CPU
		Release|Any CPU = Release|Any CPU
	EndGlobalSection
	GlobalSection(ProjectConfigurationPlatforms) = postSolution
		{A6F2C1A8-95D5-4EC9-BAEA-0DA547981BDF}.Debug|Any CPU.ActiveCfg = Debug|Any CPU
		{A6F2C1A8-95D5-4EC9-BAEA-0DA547981BDF}.Debug|Any CPU.Build.0 = Debug|Any CPU
		{A6F2C1A8-95D5-4EC9-BAEA-0DA547981BDF}.Release|Any CPU.ActiveCfg = Release|Any CPU
		{A6F2C1A8-95D5-4EC9-BAEA-0DA547981BDF}.Release|Any CPU.Build.0 = Release|Any CPU
	EndGlobalSection
	GlobalSection(SolutionProperties) = preSolution
		HideSolutionNode = FALSE
	EndGlobalSection
EndGlobal
